// !$*UTF8*$!
{
	archiveVersion = 1;
	classes = {
	};
	objectVersion = 55;
	objects = {

/* Begin PBXBuildFile section */
		5DDCA09E276BAAF7005042E4 /* Tests_iOS.swift in Sources */ = {isa = PBXBuildFile; fileRef = 5DDCA09D276BAAF7005042E4 /* Tests_iOS.swift */; };
		5DDCA0A0276BAAF7005042E4 /* Tests_iOSLaunchTests.swift in Sources */ = {isa = PBXBuildFile; fileRef = 5DDCA09F276BAAF7005042E4 /* Tests_iOSLaunchTests.swift */; };
		5DDCA0AA276BAAF7005042E4 /* Tests_macOS.swift in Sources */ = {isa = PBXBuildFile; fileRef = 5DDCA0A9276BAAF7005042E4 /* Tests_macOS.swift */; };
		5DDCA0AC276BAAF7005042E4 /* Tests_macOSLaunchTests.swift in Sources */ = {isa = PBXBuildFile; fileRef = 5DDCA0AB276BAAF7005042E4 /* Tests_macOSLaunchTests.swift */; };
		5DDCA0AD276BAAF7005042E4 /* firstproject.xcdatamodeld in Sources */ = {isa = PBXBuildFile; fileRef = 5DDCA082276BAAF6005042E4 /* firstproject.xcdatamodeld */; };
		5DDCA0AE276BAAF7005042E4 /* firstproject.xcdatamodeld in Sources */ = {isa = PBXBuildFile; fileRef = 5DDCA082276BAAF6005042E4 /* firstproject.xcdatamodeld */; };
		5DDCA0AF276BAAF7005042E4 /* firstprojectApp.swift in Sources */ = {isa = PBXBuildFile; fileRef = 5DDCA084276BAAF6005042E4 /* firstprojectApp.swift */; };
		5DDCA0B0276BAAF7005042E4 /* firstprojectApp.swift in Sources */ = {isa = PBXBuildFile; fileRef = 5DDCA084276BAAF6005042E4 /* firstprojectApp.swift */; };
		5DDCA0B1276BAAF7005042E4 /* ContentView.swift in Sources */ = {isa = PBXBuildFile; fileRef = 5DDCA085276BAAF6005042E4 /* ContentView.swift */; };
		5DDCA0B2276BAAF7005042E4 /* ContentView.swift in Sources */ = {isa = PBXBuildFile; fileRef = 5DDCA085276BAAF6005042E4 /* ContentView.swift */; };
		5DDCA0B3276BAAF7005042E4 /* Persistence.swift in Sources */ = {isa = PBXBuildFile; fileRef = 5DDCA086276BAAF6005042E4 /* Persistence.swift */; };
		5DDCA0B4276BAAF7005042E4 /* Persistence.swift in Sources */ = {isa = PBXBuildFile; fileRef = 5DDCA086276BAAF6005042E4 /* Persistence.swift */; };
		5DDCA0B5276BAAF7005042E4 /* Assets.xcassets in Resources */ = {isa = PBXBuildFile; fileRef = 5DDCA087276BAAF7005042E4 /* Assets.xcassets */; };
		5DDCA0B6276BAAF7005042E4 /* Assets.xcassets in Resources */ = {isa = PBXBuildFile; fileRef = 5DDCA087276BAAF7005042E4 /* Assets.xcassets */; };
/* End PBXBuildFile section */

/* Begin PBXContainerItemProxy section */
		5DDCA09A276BAAF7005042E4 /* PBXContainerItemProxy */ = {
			isa = PBXContainerItemProxy;
			containerPortal = 5DDCA07D276BAAF5005042E4 /* Project object */;
			proxyType = 1;
			remoteGlobalIDString = 5DDCA08B276BAAF7005042E4;
			remoteInfo = "firstproject (iOS)";
		};
		5DDCA0A6276BAAF7005042E4 /* PBXContainerItemProxy */ = {
			isa = PBXContainerItemProxy;
			containerPortal = 5DDCA07D276BAAF5005042E4 /* Project object */;
			proxyType = 1;
			remoteGlobalIDString = 5DDCA091276BAAF7005042E4;
			remoteInfo = "firstproject (macOS)";
		};
/* End PBXContainerItemProxy section */

/* Begin PBXFileReference section */
		5DDCA083276BAAF6005042E4 /* Shared.xcdatamodel */ = {isa = PBXFileReference; lastKnownFileType = wrapper.xcdatamodel; path = Shared.xcdatamodel; sourceTree = "<group>"; };
		5DDCA084276BAAF6005042E4 /* firstprojectApp.swift */ = {isa = PBXFileReference; lastKnownFileType = sourcecode.swift; path = firstprojectApp.swift; sourceTree = "<group>"; };
		5DDCA085276BAAF6005042E4 /* ContentView.swift */ = {isa = PBXFileReference; lastKnownFileType = sourcecode.swift; path = ContentView.swift; sourceTree = "<group>"; };
		5DDCA086276BAAF6005042E4 /* Persistence.swift */ = {isa = PBXFileReference; lastKnownFileType = sourcecode.swift; path = Persistence.swift; sourceTree = "<group>"; };
		5DDCA087276BAAF7005042E4 /* Assets.xcassets */ = {isa = PBXFileReference; lastKnownFileType = folder.assetcatalog; path = Assets.xcassets; sourceTree = "<group>"; };
		5DDCA08C276BAAF7005042E4 /* firstproject.app */ = {isa = PBXFileReference; explicitFileType = wrapper.application; includeInIndex = 0; path = firstproject.app; sourceTree = BUILT_PRODUCTS_DIR; };
		5DDCA092276BAAF7005042E4 /* firstproject.app */ = {isa = PBXFileReference; explicitFileType = wrapper.application; includeInIndex = 0; path = firstproject.app; sourceTree = BUILT_PRODUCTS_DIR; };
		5DDCA094276BAAF7005042E4 /* macOS.entitlements */ = {isa = PBXFileReference; lastKnownFileType = text.plist.entitlements; path = macOS.entitlements; sourceTree = "<group>"; };
		5DDCA099276BAAF7005042E4 /* Tests iOS.xctest */ = {isa = PBXFileReference; explicitFileType = wrapper.cfbundle; includeInIndex = 0; path = "Tests iOS.xctest"; sourceTree = BUILT_PRODUCTS_DIR; };
		5DDCA09D276BAAF7005042E4 /* Tests_iOS.swift */ = {isa = PBXFileReference; lastKnownFileType = sourcecode.swift; path = Tests_iOS.swift; sourceTree = "<group>"; };
		5DDCA09F276BAAF7005042E4 /* Tests_iOSLaunchTests.swift */ = {isa = PBXFileReference; lastKnownFileType = sourcecode.swift; path = Tests_iOSLaunchTests.swift; sourceTree = "<group>"; };
		5DDCA0A5276BAAF7005042E4 /* Tests macOS.xctest */ = {isa = PBXFileReference; explicitFileType = wrapper.cfbundle; includeInIndex = 0; path = "Tests macOS.xctest"; sourceTree = BUILT_PRODUCTS_DIR; };
		5DDCA0A9276BAAF7005042E4 /* Tests_macOS.swift */ = {isa = PBXFileReference; lastKnownFileType = sourcecode.swift; path = Tests_macOS.swift; sourceTree = "<group>"; };
		5DDCA0AB276BAAF7005042E4 /* Tests_macOSLaunchTests.swift */ = {isa = PBXFileReference; lastKnownFileType = sourcecode.swift; path = Tests_macOSLaunchTests.swift; sourceTree = "<group>"; };
/* End PBXFileReference section */

/* Begin PBXFrameworksBuildPhase section */
		5DDCA089276BAAF7005042E4 /* Frameworks */ = {
			isa = PBXFrameworksBuildPhase;
			buildActionMask = 2147483647;
			files = (
			);
			runOnlyForDeploymentPostprocessing = 0;
		};
		5DDCA08F276BAAF7005042E4 /* Frameworks */ = {
			isa = PBXFrameworksBuildPhase;
			buildActionMask = 2147483647;
			files = (
			);
			runOnlyForDeploymentPostprocessing = 0;
		};
		5DDCA096276BAAF7005042E4 /* Frameworks */ = {
			isa = PBXFrameworksBuildPhase;
			buildActionMask = 2147483647;
			files = (
			);
			runOnlyForDeploymentPostprocessing = 0;
		};
		5DDCA0A2276BAAF7005042E4 /* Frameworks */ = {
			isa = PBXFrameworksBuildPhase;
			buildActionMask = 2147483647;
			files = (
			);
			runOnlyForDeploymentPostprocessing = 0;
		};
/* End PBXFrameworksBuildPhase section */

/* Begin PBXGroup section */
		5DDCA07C276BAAF5005042E4 = {
			isa = PBXGroup;
			children = (
				5DDCA081276BAAF5005042E4 /* Shared */,
				5DDCA093276BAAF7005042E4 /* macOS */,
				5DDCA09C276BAAF7005042E4 /* Tests iOS */,
				5DDCA0A8276BAAF7005042E4 /* Tests macOS */,
				5DDCA08D276BAAF7005042E4 /* Products */,
			);
			sourceTree = "<group>";
		};
		5DDCA081276BAAF5005042E4 /* Shared */ = {
			isa = PBXGroup;
			children = (
				5DDCA084276BAAF6005042E4 /* firstprojectApp.swift */,
				5DDCA085276BAAF6005042E4 /* ContentView.swift */,
				5DDCA086276BAAF6005042E4 /* Persistence.swift */,
				5DDCA087276BAAF7005042E4 /* Assets.xcassets */,
				5DDCA082276BAAF6005042E4 /* firstproject.xcdatamodeld */,
			);
			path = Shared;
			sourceTree = "<group>";
		};
		5DDCA08D276BAAF7005042E4 /* Products */ = {
			isa = PBXGroup;
			children = (
				5DDCA08C276BAAF7005042E4 /* firstproject.app */,
				5DDCA092276BAAF7005042E4 /* firstproject.app */,
				5DDCA099276BAAF7005042E4 /* Tests iOS.xctest */,
				5DDCA0A5276BAAF7005042E4 /* Tests macOS.xctest */,
			);
			name = Products;
			sourceTree = "<group>";
		};
		5DDCA093276BAAF7005042E4 /* macOS */ = {
			isa = PBXGroup;
			children = (
				5DDCA094276BAAF7005042E4 /* macOS.entitlements */,
			);
			path = macOS;
			sourceTree = "<group>";
		};
		5DDCA09C276BAAF7005042E4 /* Tests iOS */ = {
			isa = PBXGroup;
			children = (
				5DDCA09D276BAAF7005042E4 /* Tests_iOS.swift */,
				5DDCA09F276BAAF7005042E4 /* Tests_iOSLaunchTests.swift */,
			);
			path = "Tests iOS";
			sourceTree = "<group>";
		};
		5DDCA0A8276BAAF7005042E4 /* Tests macOS */ = {
			isa = PBXGroup;
			children = (
				5DDCA0A9276BAAF7005042E4 /* Tests_macOS.swift */,
				5DDCA0AB276BAAF7005042E4 /* Tests_macOSLaunchTests.swift */,
			);
			path = "Tests macOS";
			sourceTree = "<group>";
		};
/* End PBXGroup section */

/* Begin PBXNativeTarget section */
		5DDCA08B276BAAF7005042E4 /* firstproject (iOS) */ = {
			isa = PBXNativeTarget;
			buildConfigurationList = 5DDCA0B9276BAAF8005042E4 /* Build configuration list for PBXNativeTarget "firstproject (iOS)" */;
			buildPhases = (
				5DDCA088276BAAF7005042E4 /* Sources */,
				5DDCA089276BAAF7005042E4 /* Frameworks */,
				5DDCA08A276BAAF7005042E4 /* Resources */,
			);
			buildRules = (
			);
			dependencies = (
			);
			name = "firstproject (iOS)";
			productName = "firstproject (iOS)";
			productReference = 5DDCA08C276BAAF7005042E4 /* firstproject.app */;
			productType = "com.apple.product-type.application";
		};
		5DDCA091276BAAF7005042E4 /* firstproject (macOS) */ = {
			isa = PBXNativeTarget;
			buildConfigurationList = 5DDCA0BC276BAAF8005042E4 /* Build configuration list for PBXNativeTarget "firstproject (macOS)" */;
			buildPhases = (
				5DDCA08E276BAAF7005042E4 /* Sources */,
				5DDCA08F276BAAF7005042E4 /* Frameworks */,
				5DDCA090276BAAF7005042E4 /* Resources */,
			);
			buildRules = (
			);
			dependencies = (
			);
			name = "firstproject (macOS)";
			productName = "firstproject (macOS)";
			productReference = 5DDCA092276BAAF7005042E4 /* firstproject.app */;
			productType = "com.apple.product-type.application";
		};
		5DDCA098276BAAF7005042E4 /* Tests iOS */ = {
			isa = PBXNativeTarget;
			buildConfigurationList = 5DDCA0BF276BAAF8005042E4 /* Build configuration list for PBXNativeTarget "Tests iOS" */;
			buildPhases = (
				5DDCA095276BAAF7005042E4 /* Sources */,
				5DDCA096276BAAF7005042E4 /* Frameworks */,
				5DDCA097276BAAF7005042E4 /* Resources */,
			);
			buildRules = (
			);
			dependencies = (
				5DDCA09B276BAAF7005042E4 /* PBXTargetDependency */,
			);
			name = "Tests iOS";
			productName = "Tests iOS";
			productReference = 5DDCA099276BAAF7005042E4 /* Tests iOS.xctest */;
			productType = "com.apple.product-type.bundle.ui-testing";
		};
		5DDCA0A4276BAAF7005042E4 /* Tests macOS */ = {
			isa = PBXNativeTarget;
			buildConfigurationList = 5DDCA0C2276BAAF8005042E4 /* Build configuration list for PBXNativeTarget "Tests macOS" */;
			buildPhases = (
				5DDCA0A1276BAAF7005042E4 /* Sources */,
				5DDCA0A2276BAAF7005042E4 /* Frameworks */,
				5DDCA0A3276BAAF7005042E4 /* Resources */,
			);
			buildRules = (
			);
			dependencies = (
				5DDCA0A7276BAAF7005042E4 /* PBXTargetDependency */,
			);
			name = "Tests macOS";
			productName = "Tests macOS";
			productReference = 5DDCA0A5276BAAF7005042E4 /* Tests macOS.xctest */;
			productType = "com.apple.product-type.bundle.ui-testing";
		};
/* End PBXNativeTarget section */

/* Begin PBXProject section */
		5DDCA07D276BAAF5005042E4 /* Project object */ = {
			isa = PBXProject;
			attributes = {
				BuildIndependentTargetsInParallel = 1;
				LastSwiftUpdateCheck = 1310;
				LastUpgradeCheck = 1310;
				TargetAttributes = {
					5DDCA08B276BAAF7005042E4 = {
						CreatedOnToolsVersion = 13.1;
					};
					5DDCA091276BAAF7005042E4 = {
						CreatedOnToolsVersion = 13.1;
					};
					5DDCA098276BAAF7005042E4 = {
						CreatedOnToolsVersion = 13.1;
						TestTargetID = 5DDCA08B276BAAF7005042E4;
					};
					5DDCA0A4276BAAF7005042E4 = {
						CreatedOnToolsVersion = 13.1;
						TestTargetID = 5DDCA091276BAAF7005042E4;
					};
				};
			};
			buildConfigurationList = 5DDCA080276BAAF5005042E4 /* Build configuration list for PBXProject "firstproject" */;
			compatibilityVersion = "Xcode 13.0";
			developmentRegion = en;
			hasScannedForEncodings = 0;
			knownRegions = (
				en,
				Base,
			);
			mainGroup = 5DDCA07C276BAAF5005042E4;
			productRefGroup = 5DDCA08D276BAAF7005042E4 /* Products */;
			projectDirPath = "";
			projectRoot = "";
			targets = (
				5DDCA08B276BAAF7005042E4 /* firstproject (iOS) */,
				5DDCA091276BAAF7005042E4 /* firstproject (macOS) */,
				5DDCA098276BAAF7005042E4 /* Tests iOS */,
				5DDCA0A4276BAAF7005042E4 /* Tests macOS */,
			);
		};
/* End PBXProject section */

/* Begin PBXResourcesBuildPhase section */
		5DDCA08A276BAAF7005042E4 /* Resources */ = {
			isa = PBXResourcesBuildPhase;
			buildActionMask = 2147483647;
			files = (
				5DDCA0B5276BAAF7005042E4 /* Assets.xcassets in Resources */,
			);
			runOnlyForDeploymentPostprocessing = 0;
		};
		5DDCA090276BAAF7005042E4 /* Resources */ = {
			isa = PBXResourcesBuildPhase;
			buildActionMask = 2147483647;
			files = (
				5DDCA0B6276BAAF7005042E4 /* Assets.xcassets in Resources */,
			);
			runOnlyForDeploymentPostprocessing = 0;
		};
		5DDCA097276BAAF7005042E4 /* Resources */ = {
			isa = PBXResourcesBuildPhase;
			buildActionMask = 2147483647;
			files = (
			);
			runOnlyForDeploymentPostprocessing = 0;
		};
		5DDCA0A3276BAAF7005042E4 /* Resources */ = {
			isa = PBXResourcesBuildPhase;
			buildActionMask = 2147483647;
			files = (
			);
			runOnlyForDeploymentPostprocessing = 0;
		};
/* End PBXResourcesBuildPhase section */

/* Begin PBXSourcesBuildPhase section */
		5DDCA088276BAAF7005042E4 /* Sources */ = {
			isa = PBXSourcesBuildPhase;
			buildActionMask = 2147483647;
			files = (
				5DDCA0AF276BAAF7005042E4 /* firstprojectApp.swift in Sources */,
				5DDCA0B3276BAAF7005042E4 /* Persistence.swift in Sources */,
				5DDCA0AD276BAAF7005042E4 /* firstproject.xcdatamodeld in Sources */,
				5DDCA0B1276BAAF7005042E4 /* ContentView.swift in Sources */,
			);
			runOnlyForDeploymentPostprocessing = 0;
		};
		5DDCA08E276BAAF7005042E4 /* Sources */ = {
			isa = PBXSourcesBuildPhase;
			buildActionMask = 2147483647;
			files = (
				5DDCA0B0276BAAF7005042E4 /* firstprojectApp.swift in Sources */,
				5DDCA0B4276BAAF7005042E4 /* Persistence.swift in Sources */,
				5DDCA0AE276BAAF7005042E4 /* firstproject.xcdatamodeld in Sources */,
				5DDCA0B2276BAAF7005042E4 /* ContentView.swift in Sources */,
			);
			runOnlyForDeploymentPostprocessing = 0;
		};
		5DDCA095276BAAF7005042E4 /* Sources */ = {
			isa = PBXSourcesBuildPhase;
			buildActionMask = 2147483647;
			files = (
				5DDCA0A0276BAAF7005042E4 /* Tests_iOSLaunchTests.swift in Sources */,
				5DDCA09E276BAAF7005042E4 /* Tests_iOS.swift in Sources */,
			);
			runOnlyForDeploymentPostprocessing = 0;
		};
		5DDCA0A1276BAAF7005042E4 /* Sources */ = {
			isa = PBXSourcesBuildPhase;
			buildActionMask = 2147483647;
			files = (
				5DDCA0AC276BAAF7005042E4 /* Tests_macOSLaunchTests.swift in Sources */,
				5DDCA0AA276BAAF7005042E4 /* Tests_macOS.swift in Sources */,
			);
			runOnlyForDeploymentPostprocessing = 0;
		};
/* End PBXSourcesBuildPhase section */

/* Begin PBXTargetDependency section */
		5DDCA09B276BAAF7005042E4 /* PBXTargetDependency */ = {
			isa = PBXTargetDependency;
			target = 5DDCA08B276BAAF7005042E4 /* firstproject (iOS) */;
			targetProxy = 5DDCA09A276BAAF7005042E4 /* PBXContainerItemProxy */;
		};
		5DDCA0A7276BAAF7005042E4 /* PBXTargetDependency */ = {
			isa = PBXTargetDependency;
			target = 5DDCA091276BAAF7005042E4 /* firstproject (macOS) */;
			targetProxy = 5DDCA0A6276BAAF7005042E4 /* PBXContainerItemProxy */;
		};
/* End PBXTargetDependency section */

/* Begin XCBuildConfiguration section */
		5DDCA0B7276BAAF8005042E4 /* Debug */ = {
			isa = XCBuildConfiguration;
			buildSettings = {
				ALWAYS_SEARCH_USER_PATHS = NO;
				CLANG_ANALYZER_NONNULL = YES;
				CLANG_ANALYZER_NUMBER_OBJECT_CONVERSION = YES_AGGRESSIVE;
				CLANG_CXX_LANGUAGE_STANDARD = "gnu++17";
				CLANG_CXX_LIBRARY = "libc++";
				CLANG_ENABLE_MODULES = YES;
				CLANG_ENABLE_OBJC_ARC = YES;
				CLANG_ENABLE_OBJC_WEAK = YES;
				CLANG_WARN_BLOCK_CAPTURE_AUTORELEASING = YES;
				CLANG_WARN_BOOL_CONVERSION = YES;
				CLANG_WARN_COMMA = YES;
				CLANG_WARN_CONSTANT_CONVERSION = YES;
				CLANG_WARN_DEPRECATED_OBJC_IMPLEMENTATIONS = YES;
				CLANG_WARN_DIRECT_OBJC_ISA_USAGE = YES_ERROR;
				CLANG_WARN_DOCUMENTATION_COMMENTS = YES;
				CLANG_WARN_EMPTY_BODY = YES;
				CLANG_WARN_ENUM_CONVERSION = YES;
				CLANG_WARN_INFINITE_RECURSION = YES;
				CLANG_WARN_INT_CONVERSION = YES;
				CLANG_WARN_NON_LITERAL_NULL_CONVERSION = YES;
				CLANG_WARN_OBJC_IMPLICIT_RETAIN_SELF = YES;
				CLANG_WARN_OBJC_LITERAL_CONVERSION = YES;
				CLANG_WARN_OBJC_ROOT_CLASS = YES_ERROR;
				CLANG_WARN_QUOTED_INCLUDE_IN_FRAMEWORK_HEADER = YES;
				CLANG_WARN_RANGE_LOOP_ANALYSIS = YES;
				CLANG_WARN_STRICT_PROTOTYPES = YES;
				CLANG_WARN_SUSPICIOUS_MOVE = YES;
				CLANG_WARN_UNGUARDED_AVAILABILITY = YES_AGGRESSIVE;
				CLANG_WARN_UNREACHABLE_CODE = YES;
				CLANG_WARN__DUPLICATE_METHOD_MATCH = YES;
				COPY_PHASE_STRIP = NO;
				DEBUG_INFORMATION_FORMAT = dwarf;
				ENABLE_STRICT_OBJC_MSGSEND = YES;
				ENABLE_TESTABILITY = YES;
				GCC_C_LANGUAGE_STANDARD = gnu11;
				GCC_DYNAMIC_NO_PIC = NO;
				GCC_NO_COMMON_BLOCKS = YES;
				GCC_OPTIMIZATION_LEVEL = 0;
				GCC_PREPROCESSOR_DEFINITIONS = (
					"DEBUG=1",
					"$(inherited)",
				);
				GCC_WARN_64_TO_32_BIT_CONVERSION = YES;
				GCC_WARN_ABOUT_RETURN_TYPE = YES_ERROR;
				GCC_WARN_UNDECLARED_SELECTOR = YES;
				GCC_WARN_UNINITIALIZED_AUTOS = YES_AGGRESSIVE;
				GCC_WARN_UNUSED_FUNCTION = YES;
				GCC_WARN_UNUSED_VARIABLE = YES;
				MTL_ENABLE_DEBUG_INFO = INCLUDE_SOURCE;
				MTL_FAST_MATH = YES;
				ONLY_ACTIVE_ARCH = YES;
				SWIFT_ACTIVE_COMPILATION_CONDITIONS = DEBUG;
				SWIFT_OPTIMIZATION_LEVEL = "-Onone";
			};
			name = Debug;
		};
		5DDCA0B8276BAAF8005042E4 /* Release */ = {
			isa = XCBuildConfiguration;
			buildSettings = {
				ALWAYS_SEARCH_USER_PATHS = NO;
				CLANG_ANALYZER_NONNULL = YES;
				CLANG_ANALYZER_NUMBER_OBJECT_CONVERSION = YES_AGGRESSIVE;
				CLANG_CXX_LANGUAGE_STANDARD = "gnu++17";
				CLANG_CXX_LIBRARY = "libc++";
				CLANG_ENABLE_MODULES = YES;
				CLANG_ENABLE_OBJC_ARC = YES;
				CLANG_ENABLE_OBJC_WEAK = YES;
				CLANG_WARN_BLOCK_CAPTURE_AUTORELEASING = YES;
				CLANG_WARN_BOOL_CONVERSION = YES;
				CLANG_WARN_COMMA = YES;
				CLANG_WARN_CONSTANT_CONVERSION = YES;
				CLANG_WARN_DEPRECATED_OBJC_IMPLEMENTATIONS = YES;
				CLANG_WARN_DIRECT_OBJC_ISA_USAGE = YES_ERROR;
				CLANG_WARN_DOCUMENTATION_COMMENTS = YES;
				CLANG_WARN_EMPTY_BODY = YES;
				CLANG_WARN_ENUM_CONVERSION = YES;
				CLANG_WARN_INFINITE_RECURSION = YES;
				CLANG_WARN_INT_CONVERSION = YES;
				CLANG_WARN_NON_LITERAL_NULL_CONVERSION = YES;
				CLANG_WARN_OBJC_IMPLICIT_RETAIN_SELF = YES;
				CLANG_WARN_OBJC_LITERAL_CONVERSION = YES;
				CLANG_WARN_OBJC_ROOT_CLASS = YES_ERROR;
				CLANG_WARN_QUOTED_INCLUDE_IN_FRAMEWORK_HEADER = YES;
				CLANG_WARN_RANGE_LOOP_ANALYSIS = YES;
				CLANG_WARN_STRICT_PROTOTYPES = YES;
				CLANG_WARN_SUSPICIOUS_MOVE = YES;
				CLANG_WARN_UNGUARDED_AVAILABILITY = YES_AGGRESSIVE;
				CLANG_WARN_UNREACHABLE_CODE = YES;
				CLANG_WARN__DUPLICATE_METHOD_MATCH = YES;
				COPY_PHASE_STRIP = NO;
				DEBUG_INFORMATION_FORMAT = "dwarf-with-dsym";
				ENABLE_NS_ASSERTIONS = NO;
				ENABLE_STRICT_OBJC_MSGSEND = YES;
				GCC_C_LANGUAGE_STANDARD = gnu11;
				GCC_NO_COMMON_BLOCKS = YES;
				GCC_WARN_64_TO_32_BIT_CONVERSION = YES;
				GCC_WARN_ABOUT_RETURN_TYPE = YES_ERROR;
				GCC_WARN_UNDECLARED_SELECTOR = YES;
				GCC_WARN_UNINITIALIZED_AUTOS = YES_AGGRESSIVE;
				GCC_WARN_UNUSED_FUNCTION = YES;
				GCC_WARN_UNUSED_VARIABLE = YES;
				MTL_ENABLE_DEBUG_INFO = NO;
				MTL_FAST_MATH = YES;
				SWIFT_COMPILATION_MODE = wholemodule;
				SWIFT_OPTIMIZATION_LEVEL = "-O";
			};
			name = Release;
		};
		5DDCA0BA276BAAF8005042E4 /* Debug */ = {
			isa = XCBuildConfiguration;
			buildSettings = {
				ASSETCATALOG_COMPILER_APPICON_NAME = AppIcon;
				ASSETCATALOG_COMPILER_GLOBAL_ACCENT_COLOR_NAME = AccentColor;
				CODE_SIGN_STYLE = Automatic;
				CURRENT_PROJECT_VERSION = 1;
				ENABLE_PREVIEWS = YES;
				GENERATE_INFOPLIST_FILE = YES;
				INFOPLIST_KEY_UIApplicationSceneManifest_Generation = YES;
				INFOPLIST_KEY_UIApplicationSupportsIndirectInputEvents = YES;
				INFOPLIST_KEY_UILaunchScreen_Generation = YES;
				INFOPLIST_KEY_UISupportedInterfaceOrientations_iPad = "UIInterfaceOrientationPortrait UIInterfaceOrientationPortraitUpsideDown UIInterfaceOrientationLandscapeLeft UIInterfaceOrientationLandscapeRight";
				INFOPLIST_KEY_UISupportedInterfaceOrientations_iPhone = "UIInterfaceOrientationPortrait UIInterfaceOrientationLandscapeLeft UIInterfaceOrientationLandscapeRight";
				IPHONEOS_DEPLOYMENT_TARGET = 15.0;
				LD_RUNPATH_SEARCH_PATHS = (
					"$(inherited)",
					"@executable_path/Frameworks",
				);
				MARKETING_VERSION = 1.0;
				PRODUCT_BUNDLE_IDENTIFIER = yx.firstproject;
				PRODUCT_NAME = firstproject;
				SDKROOT = iphoneos;
				SWIFT_EMIT_LOC_STRINGS = YES;
				SWIFT_VERSION = 5.0;
				TARGETED_DEVICE_FAMILY = "1,2";
			};
			name = Debug;
		};
		5DDCA0BB276BAAF8005042E4 /* Release */ = {
			isa = XCBuildConfiguration;
			buildSettings = {
				ASSETCATALOG_COMPILER_APPICON_NAME = AppIcon;
				ASSETCATALOG_COMPILER_GLOBAL_ACCENT_COLOR_NAME = AccentColor;
				CODE_SIGN_STYLE = Automatic;
				CURRENT_PROJECT_VERSION = 1;
				ENABLE_PREVIEWS = YES;
				GENERATE_INFOPLIST_FILE = YES;
				INFOPLIST_KEY_UIApplicationSceneManifest_Generation = YES;
				INFOPLIST_KEY_UIApplicationSupportsIndirectInputEvents = YES;
				INFOPLIST_KEY_UILaunchScreen_Generation = YES;
				INFOPLIST_KEY_UISupportedInterfaceOrientations_iPad = "UIInterfaceOrientationPortrait UIInterfaceOrientationPortraitUpsideDown UIInterfaceOrientationLandscapeLeft UIInterfaceOrientationLandscapeRight";
				INFOPLIST_KEY_UISupportedInterfaceOrientations_iPhone = "UIInterfaceOrientationPortrait UIInterfaceOrientationLandscapeLeft UIInterfaceOrientationLandscapeRight";
				IPHONEOS_DEPLOYMENT_TARGET = 15.0;
				LD_RUNPATH_SEARCH_PATHS = (
					"$(inherited)",
					"@executable_path/Frameworks",
				);
				MARKETING_VERSION = 1.0;
				PRODUCT_BUNDLE_IDENTIFIER = yx.firstproject;
				PRODUCT_NAME = firstproject;
				SDKROOT = iphoneos;
				SWIFT_EMIT_LOC_STRINGS = YES;
				SWIFT_VERSION = 5.0;
				TARGETED_DEVICE_FAMILY = "1,2";
				VALIDATE_PRODUCT = YES;
			};
			name = Release;
		};
		5DDCA0BD276BAAF8005042E4 /* Debug */ = {
			isa = XCBuildConfiguration;
			buildSettings = {
				ASSETCATALOG_COMPILER_APPICON_NAME = AppIcon;
				ASSETCATALOG_COMPILER_GLOBAL_ACCENT_COLOR_NAME = AccentColor;
				CODE_SIGN_ENTITLEMENTS = macOS/macOS.entitlements;
				CODE_SIGN_STYLE = Automatic;
				COMBINE_HIDPI_IMAGES = YES;
				CURRENT_PROJECT_VERSION = 1;
				ENABLE_PREVIEWS = YES;
				GENERATE_INFOPLIST_FILE = YES;
				INFOPLIST_KEY_NSHumanReadableCopyright = "";
				LD_RUNPATH_SEARCH_PATHS = (
					"$(inherited)",
					"@executable_path/../Frameworks",
				);
				MACOSX_DEPLOYMENT_TARGET = 12.0;
				MARKETING_VERSION = 1.0;
				PRODUCT_BUNDLE_IDENTIFIER = yx.firstproject;
				PRODUCT_NAME = firstproject;
				SDKROOT = macosx;
				SWIFT_EMIT_LOC_STRINGS = YES;
				SWIFT_VERSION = 5.0;
			};
			name = Debug;
		};
		5DDCA0BE276BAAF8005042E4 /* Release */ = {
			isa = XCBuildConfiguration;
			buildSettings = {
				ASSETCATALOG_COMPILER_APPICON_NAME = AppIcon;
				ASSETCATALOG_COMPILER_GLOBAL_ACCENT_COLOR_NAME = AccentColor;
				CODE_SIGN_ENTITLEMENTS = macOS/macOS.entitlements;
				CODE_SIGN_STYLE = Automatic;
				COMBINE_HIDPI_IMAGES = YES;
				CURRENT_PROJECT_VERSION = 1;
				ENABLE_PREVIEWS = YES;
				GENERATE_INFOPLIST_FILE = YES;
				INFOPLIST_KEY_NSHumanReadableCopyright = "";
				LD_RUNPATH_SEARCH_PATHS = (
					"$(inherited)",
					"@executable_path/../Frameworks",
				);
				MACOSX_DEPLOYMENT_TARGET = 12.0;
				MARKETING_VERSION = 1.0;
				PRODUCT_BUNDLE_IDENTIFIER = yx.firstproject;
				PRODUCT_NAME = firstproject;
				SDKROOT = macosx;
				SWIFT_EMIT_LOC_STRINGS = YES;
				SWIFT_VERSION = 5.0;
			};
			name = Release;
		};
		5DDCA0C0276BAAF8005042E4 /* Debug */ = {
			isa = XCBuildConfiguration;
			buildSettings = {
				ALWAYS_EMBED_SWIFT_STANDARD_LIBRARIES = YES;
				CODE_SIGN_STYLE = Automatic;
				CURRENT_PROJECT_VERSION = 1;
				GENERATE_INFOPLIST_FILE = YES;
				IPHONEOS_DEPLOYMENT_TARGET = 15.0;
				LD_RUNPATH_SEARCH_PATHS = (
					"$(inherited)",
					"@executable_path/Frameworks",
					"@loader_path/Frameworks",
				);
				MARKETING_VERSION = 1.0;
				PRODUCT_BUNDLE_IDENTIFIER = "yx.Tests-iOS";
				PRODUCT_NAME = "$(TARGET_NAME)";
				SDKROOT = iphoneos;
				SWIFT_EMIT_LOC_STRINGS = NO;
				SWIFT_VERSION = 5.0;
				TARGETED_DEVICE_FAMILY = "1,2";
				TEST_TARGET_NAME = "firstproject (iOS)";
			};
			name = Debug;
		};
		5DDCA0C1276BAAF8005042E4 /* Release */ = {
			isa = XCBuildConfiguration;
			buildSettings = {
				ALWAYS_EMBED_SWIFT_STANDARD_LIBRARIES = YES;
				CODE_SIGN_STYLE = Automatic;
				CURRENT_PROJECT_VERSION = 1;
				GENERATE_INFOPLIST_FILE = YES;
				IPHONEOS_DEPLOYMENT_TARGET = 15.0;
				LD_RUNPATH_SEARCH_PATHS = (
					"$(inherited)",
					"@executable_path/Frameworks",
					"@loader_path/Frameworks",
				);
				MARKETING_VERSION = 1.0;
				PRODUCT_BUNDLE_IDENTIFIER = "yx.Tests-iOS";
				PRODUCT_NAME = "$(TARGET_NAME)";
				SDKROOT = iphoneos;
				SWIFT_EMIT_LOC_STRINGS = NO;
				SWIFT_VERSION = 5.0;
				TARGETED_DEVICE_FAMILY = "1,2";
				TEST_TARGET_NAME = "firstproject (iOS)";
				VALIDATE_PRODUCT = YES;
			};
			name = Release;
		};
		5DDCA0C3276BAAF8005042E4 /* Debug */ = {
			isa = XCBuildConfiguration;
			buildSettings = {
				ALWAYS_EMBED_SWIFT_STANDARD_LIBRARIES = YES;
				CODE_SIGN_STYLE = Automatic;
				COMBINE_HIDPI_IMAGES = YES;
				CURRENT_PROJECT_VERSION = 1;
				GENERATE_INFOPLIST_FILE = YES;
				LD_RUNPATH_SEARCH_PATHS = (
					"$(inherited)",
					"@executable_path/../Frameworks",
					"@loader_path/../Frameworks",
				);
				MACOSX_DEPLOYMENT_TARGET = 12.0;
				MARKETING_VERSION = 1.0;
				PRODUCT_BUNDLE_IDENTIFIER = "yx.Tests-macOS";
				PRODUCT_NAME = "$(TARGET_NAME)";
				SDKROOT = macosx;
				SWIFT_EMIT_LOC_STRINGS = NO;
				SWIFT_VERSION = 5.0;
				TEST_TARGET_NAME = "firstproject (macOS)";
			};
			name = Debug;
		};
		5DDCA0C4276BAAF8005042E4 /* Release */ = {
			isa = XCBuildConfiguration;
			buildSettings = {
				ALWAYS_EMBED_SWIFT_STANDARD_LIBRARIES = YES;
				CODE_SIGN_STYLE = Automatic;
				COMBINE_HIDPI_IMAGES = YES;
				CURRENT_PROJECT_VERSION = 1;
				GENERATE_INFOPLIST_FILE = YES;
				LD_RUNPATH_SEARCH_PATHS = (
					"$(inherited)",
					"@executable_path/../Frameworks",
					"@loader_path/../Frameworks",
				);
				MACOSX_DEPLOYMENT_TARGET = 12.0;
				MARKETING_VERSION = 1.0;
				PRODUCT_BUNDLE_IDENTIFIER = "yx.Tests-macOS";
				PRODUCT_NAME = "$(TARGET_NAME)";
				SDKROOT = macosx;
				SWIFT_EMIT_LOC_STRINGS = NO;
				SWIFT_VERSION = 5.0;
				TEST_TARGET_NAME = "firstproject (macOS)";
			};
			name = Release;
		};
/* End XCBuildConfiguration section */

/* Begin XCConfigurationList section */
		5DDCA080276BAAF5005042E4 /* Build configuration list for PBXProject "firstproject" */ = {
			isa = XCConfigurationList;
			buildConfigurations = (
				5DDCA0B7276BAAF8005042E4 /* Debug */,
				5DDCA0B8276BAAF8005042E4 /* Release */,
			);
			defaultConfigurationIsVisible = 0;
			defaultConfigurationName = Release;
		};
		5DDCA0B9276BAAF8005042E4 /* Build configuration list for PBXNativeTarget "firstproject (iOS)" */ = {
			isa = XCConfigurationList;
			buildConfigurations = (
				5DDCA0BA276BAAF8005042E4 /* Debug */,
				5DDCA0BB276BAAF8005042E4 /* Release */,
			);
			defaultConfigurationIsVisible = 0;
			defaultConfigurationName = Release;
		};
		5DDCA0BC276BAAF8005042E4 /* Build configuration list for PBXNativeTarget "firstproject (macOS)" */ = {
			isa = XCConfigurationList;
			buildConfigurations = (
				5DDCA0BD276BAAF8005042E4 /* Debug */,
				5DDCA0BE276BAAF8005042E4 /* Release */,
			);
			defaultConfigurationIsVisible = 0;
			defaultConfigurationName = Release;
		};
		5DDCA0BF276BAAF8005042E4 /* Build configuration list for PBXNativeTarget "Tests iOS" */ = {
			isa = XCConfigurationList;
			buildConfigurations = (
				5DDCA0C0276BAAF8005042E4 /* Debug */,
				5DDCA0C1276BAAF8005042E4 /* Release */,
			);
			defaultConfigurationIsVisible = 0;
			defaultConfigurationName = Release;
		};
		5DDCA0C2276BAAF8005042E4 /* Build configuration list for PBXNativeTarget "Tests macOS" */ = {
			isa = XCConfigurationList;
			buildConfigurations = (
				5DDCA0C3276BAAF8005042E4 /* Debug */,
				5DDCA0C4276BAAF8005042E4 /* Release */,
			);
			defaultConfigurationIsVisible = 0;
			defaultConfigurationName = Release;
		};
/* End XCConfigurationList section */

/* Begin XCVersionGroup section */
		5DDCA082276BAAF6005042E4 /* firstproject.xcdatamodeld */ = {
			isa = XCVersionGroup;
			children = (
				5DDCA083276BAAF6005042E4 /* Shared.xcdatamodel */,
			);
			currentVersion = 5DDCA083276BAAF6005042E4 /* Shared.xcdatamodel */;
			path = firstproject.xcdatamodeld;
			sourceTree = "<group>";
			versionGroupType = wrapper.xcdatamodel;
		};
/* End XCVersionGroup section */
	};
	rootObject = 5DDCA07D276BAAF5005042E4 /* Project object */;
}
