// !$*UTF8*$!
{
	archiveVersion = 1;
	classes = {
	};
	objectVersion = 55;
	objects = {

/* Begin PBXBuildFile section */
		5DDCA0D2276BAF79005042E4 /* ScrumdingerApp.swift in Sources */ = {isa = PBXBuildFile; fileRef = 5DDCA0D1276BAF79005042E4 /* ScrumdingerApp.swift */; };
		5DDCA0D4276BAF79005042E4 /* ContentView.swift in Sources */ = {isa = PBXBuildFile; fileRef = 5DDCA0D3276BAF79005042E4 /* ContentView.swift */; };
		5DDCA0D6276BAF7B005042E4 /* Assets.xcassets in Resources */ = {isa = PBXBuildFile; fileRef = 5DDCA0D5276BAF7B005042E4 /* Assets.xcassets */; };
		5DDCA0D9276BAF7B005042E4 /* Preview Assets.xcassets in Resources */ = {isa = PBXBuildFile; fileRef = 5DDCA0D8276BAF7B005042E4 /* Preview Assets.xcassets */; };
		5DDCA0DB276BAF7B005042E4 /* Persistence.swift in Sources */ = {isa = PBXBuildFile; fileRef = 5DDCA0DA276BAF7B005042E4 /* Persistence.swift */; };
		5DDCA0DE276BAF7B005042E4 /* Scrumdinger.xcdatamodeld in Sources */ = {isa = PBXBuildFile; fileRef = 5DDCA0DC276BAF7B005042E4 /* Scrumdinger.xcdatamodeld */; };
		5DDCA0E8276BAF7C005042E4 /* ScrumdingerTests.swift in Sources */ = {isa = PBXBuildFile; fileRef = 5DDCA0E7276BAF7C005042E4 /* ScrumdingerTests.swift */; };
		5DDCA0F2276BAF7C005042E4 /* ScrumdingerUITests.swift in Sources */ = {isa = PBXBuildFile; fileRef = 5DDCA0F1276BAF7C005042E4 /* ScrumdingerUITests.swift */; };
		5DDCA0F4276BAF7C005042E4 /* ScrumdingerUITestsLaunchTests.swift in Sources */ = {isa = PBXBuildFile; fileRef = 5DDCA0F3276BAF7C005042E4 /* ScrumdingerUITestsLaunchTests.swift */; };
		5DDCA101276BB009005042E4 /* MeetingView.swift in Sources */ = {isa = PBXBuildFile; fileRef = 5DDCA100276BB009005042E4 /* MeetingView.swift */; };
/* End PBXBuildFile section */

/* Begin PBXContainerItemProxy section */
		5DDCA0E4276BAF7C005042E4 /* PBXContainerItemProxy */ = {
			isa = PBXContainerItemProxy;
			containerPortal = 5DDCA0C6276BAF79005042E4 /* Project object */;
			proxyType = 1;
			remoteGlobalIDString = 5DDCA0CD276BAF79005042E4;
			remoteInfo = Scrumdinger;
		};
		5DDCA0EE276BAF7C005042E4 /* PBXContainerItemProxy */ = {
			isa = PBXContainerItemProxy;
			containerPortal = 5DDCA0C6276BAF79005042E4 /* Project object */;
			proxyType = 1;
			remoteGlobalIDString = 5DDCA0CD276BAF79005042E4;
			remoteInfo = Scrumdinger;
		};
/* End PBXContainerItemProxy section */

/* Begin PBXFileReference section */
		5DDCA0CE276BAF79005042E4 /* Scrumdinger.app */ = {isa = PBXFileReference; explicitFileType = wrapper.application; includeInIndex = 0; path = Scrumdinger.app; sourceTree = BUILT_PRODUCTS_DIR; };
		5DDCA0D1276BAF79005042E4 /* ScrumdingerApp.swift */ = {isa = PBXFileReference; lastKnownFileType = sourcecode.swift; path = ScrumdingerApp.swift; sourceTree = "<group>"; };
		5DDCA0D3276BAF79005042E4 /* ContentView.swift */ = {isa = PBXFileReference; lastKnownFileType = sourcecode.swift; path = ContentView.swift; sourceTree = "<group>"; };
		5DDCA0D5276BAF7B005042E4 /* Assets.xcassets */ = {isa = PBXFileReference; lastKnownFileType = folder.assetcatalog; path = Assets.xcassets; sourceTree = "<group>"; };
		5DDCA0D8276BAF7B005042E4 /* Preview Assets.xcassets */ = {isa = PBXFileReference; lastKnownFileType = folder.assetcatalog; path = "Preview Assets.xcassets"; sourceTree = "<group>"; };
		5DDCA0DA276BAF7B005042E4 /* Persistence.swift */ = {isa = PBXFileReference; lastKnownFileType = sourcecode.swift; path = Persistence.swift; sourceTree = "<group>"; };
		5DDCA0DD276BAF7B005042E4 /* Scrumdinger.xcdatamodel */ = {isa = PBXFileReference; lastKnownFileType = wrapper.xcdatamodel; path = Scrumdinger.xcdatamodel; sourceTree = "<group>"; };
		5DDCA0E3276BAF7C005042E4 /* ScrumdingerTests.xctest */ = {isa = PBXFileReference; explicitFileType = wrapper.cfbundle; includeInIndex = 0; path = ScrumdingerTests.xctest; sourceTree = BUILT_PRODUCTS_DIR; };
		5DDCA0E7276BAF7C005042E4 /* ScrumdingerTests.swift */ = {isa = PBXFileReference; lastKnownFileType = sourcecode.swift; path = ScrumdingerTests.swift; sourceTree = "<group>"; };
		5DDCA0ED276BAF7C005042E4 /* ScrumdingerUITests.xctest */ = {isa = PBXFileReference; explicitFileType = wrapper.cfbundle; includeInIndex = 0; path = ScrumdingerUITests.xctest; sourceTree = BUILT_PRODUCTS_DIR; };
		5DDCA0F1276BAF7C005042E4 /* ScrumdingerUITests.swift */ = {isa = PBXFileReference; lastKnownFileType = sourcecode.swift; path = ScrumdingerUITests.swift; sourceTree = "<group>"; };
		5DDCA0F3276BAF7C005042E4 /* ScrumdingerUITestsLaunchTests.swift */ = {isa = PBXFileReference; lastKnownFileType = sourcecode.swift; path = ScrumdingerUITestsLaunchTests.swift; sourceTree = "<group>"; };
		5DDCA100276BB009005042E4 /* MeetingView.swift */ = {isa = PBXFileReference; lastKnownFileType = sourcecode.swift; path = MeetingView.swift; sourceTree = "<group>"; };
/* End PBXFileReference section */

/* Begin PBXFrameworksBuildPhase section */
		5DDCA0CB276BAF79005042E4 /* Frameworks */ = {
			isa = PBXFrameworksBuildPhase;
			buildActionMask = 2147483647;
			files = (
			);
			runOnlyForDeploymentPostprocessing = 0;
		};
		5DDCA0E0276BAF7C005042E4 /* Frameworks */ = {
			isa = PBXFrameworksBuildPhase;
			buildActionMask = 2147483647;
			files = (
			);
			runOnlyForDeploymentPostprocessing = 0;
		};
		5DDCA0EA276BAF7C005042E4 /* Frameworks */ = {
			isa = PBXFrameworksBuildPhase;
			buildActionMask = 2147483647;
			files = (
			);
			runOnlyForDeploymentPostprocessing = 0;
		};
/* End PBXFrameworksBuildPhase section */

/* Begin PBXGroup section */
		5DDCA0C5276BAF79005042E4 = {
			isa = PBXGroup;
			children = (
				5DDCA0D0276BAF79005042E4 /* Scrumdinger */,
				5DDCA0E6276BAF7C005042E4 /* ScrumdingerTests */,
				5DDCA0F0276BAF7C005042E4 /* ScrumdingerUITests */,
				5DDCA0CF276BAF79005042E4 /* Products */,
			);
			sourceTree = "<group>";
		};
		5DDCA0CF276BAF79005042E4 /* Products */ = {
			isa = PBXGroup;
			children = (
				5DDCA0CE276BAF79005042E4 /* Scrumdinger.app */,
				5DDCA0E3276BAF7C005042E4 /* ScrumdingerTests.xctest */,
				5DDCA0ED276BAF7C005042E4 /* ScrumdingerUITests.xctest */,
			);
			name = Products;
			sourceTree = "<group>";
		};
		5DDCA0D0276BAF79005042E4 /* Scrumdinger */ = {
			isa = PBXGroup;
			children = (
				5DDCA0D1276BAF79005042E4 /* ScrumdingerApp.swift */,
				5DDCA0D3276BAF79005042E4 /* ContentView.swift */,
				5DDCA100276BB009005042E4 /* MeetingView.swift */,
				5DDCA0D5276BAF7B005042E4 /* Assets.xcassets */,
				5DDCA0DA276BAF7B005042E4 /* Persistence.swift */,
				5DDCA0DC276BAF7B005042E4 /* Scrumdinger.xcdatamodeld */,
				5DDCA0D7276BAF7B005042E4 /* Preview Content */,
			);
			path = Scrumdinger;
			sourceTree = "<group>";
		};
		5DDCA0D7276BAF7B005042E4 /* Preview Content */ = {
			isa = PBXGroup;
			children = (
				5DDCA0D8276BAF7B005042E4 /* Preview Assets.xcassets */,
			);
			path = "Preview Content";
			sourceTree = "<group>";
		};
		5DDCA0E6276BAF7C005042E4 /* ScrumdingerTests */ = {
			isa = PBXGroup;
			children = (
				5DDCA0E7276BAF7C005042E4 /* ScrumdingerTests.swift */,
			);
			path = ScrumdingerTests;
			sourceTree = "<group>";
		};
		5DDCA0F0276BAF7C005042E4 /* ScrumdingerUITests */ = {
			isa = PBXGroup;
			children = (
				5DDCA0F1276BAF7C005042E4 /* ScrumdingerUITests.swift */,
				5DDCA0F3276BAF7C005042E4 /* ScrumdingerUITestsLaunchTests.swift */,
			);
			path = ScrumdingerUITests;
			sourceTree = "<group>";
		};
/* End PBXGroup section */

/* Begin PBXNativeTarget section */
		5DDCA0CD276BAF79005042E4 /* Scrumdinger */ = {
			isa = PBXNativeTarget;
			buildConfigurationList = 5DDCA0F7276BAF7C005042E4 /* Build configuration list for PBXNativeTarget "Scrumdinger" */;
			buildPhases = (
				5DDCA0CA276BAF79005042E4 /* Sources */,
				5DDCA0CB276BAF79005042E4 /* Frameworks */,
				5DDCA0CC276BAF79005042E4 /* Resources */,
			);
			buildRules = (
			);
			dependencies = (
			);
			name = Scrumdinger;
			productName = Scrumdinger;
			productReference = 5DDCA0CE276BAF79005042E4 /* Scrumdinger.app */;
			productType = "com.apple.product-type.application";
		};
		5DDCA0E2276BAF7C005042E4 /* ScrumdingerTests */ = {
			isa = PBXNativeTarget;
			buildConfigurationList = 5DDCA0FA276BAF7C005042E4 /* Build configuration list for PBXNativeTarget "ScrumdingerTests" */;
			buildPhases = (
				5DDCA0DF276BAF7C005042E4 /* Sources */,
				5DDCA0E0276BAF7C005042E4 /* Frameworks */,
				5DDCA0E1276BAF7C005042E4 /* Resources */,
			);
			buildRules = (
			);
			dependencies = (
				5DDCA0E5276BAF7C005042E4 /* PBXTargetDependency */,
			);
			name = ScrumdingerTests;
			productName = ScrumdingerTests;
			productReference = 5DDCA0E3276BAF7C005042E4 /* ScrumdingerTests.xctest */;
			productType = "com.apple.product-type.bundle.unit-test";
		};
		5DDCA0EC276BAF7C005042E4 /* ScrumdingerUITests */ = {
			isa = PBXNativeTarget;
			buildConfigurationList = 5DDCA0FD276BAF7C005042E4 /* Build configuration list for PBXNativeTarget "ScrumdingerUITests" */;
			buildPhases = (
				5DDCA0E9276BAF7C005042E4 /* Sources */,
				5DDCA0EA276BAF7C005042E4 /* Frameworks */,
				5DDCA0EB276BAF7C005042E4 /* Resources */,
			);
			buildRules = (
			);
			dependencies = (
				5DDCA0EF276BAF7C005042E4 /* PBXTargetDependency */,
			);
			name = ScrumdingerUITests;
			productName = ScrumdingerUITests;
			productReference = 5DDCA0ED276BAF7C005042E4 /* ScrumdingerUITests.xctest */;
			productType = "com.apple.product-type.bundle.ui-testing";
		};
/* End PBXNativeTarget section */

/* Begin PBXProject section */
		5DDCA0C6276BAF79005042E4 /* Project object */ = {
			isa = PBXProject;
			attributes = {
				BuildIndependentTargetsInParallel = 1;
				LastSwiftUpdateCheck = 1310;
				LastUpgradeCheck = 1310;
				TargetAttributes = {
					5DDCA0CD276BAF79005042E4 = {
						CreatedOnToolsVersion = 13.1;
					};
					5DDCA0E2276BAF7C005042E4 = {
						CreatedOnToolsVersion = 13.1;
						TestTargetID = 5DDCA0CD276BAF79005042E4;
					};
					5DDCA0EC276BAF7C005042E4 = {
						CreatedOnToolsVersion = 13.1;
						TestTargetID = 5DDCA0CD276BAF79005042E4;
					};
				};
			};
			buildConfigurationList = 5DDCA0C9276BAF79005042E4 /* Build configuration list for PBXProject "Scrumdinger" */;
			compatibilityVersion = "Xcode 13.0";
			developmentRegion = en;
			hasScannedForEncodings = 0;
			knownRegions = (
				en,
				Base,
			);
			mainGroup = 5DDCA0C5276BAF79005042E4;
			productRefGroup = 5DDCA0CF276BAF79005042E4 /* Products */;
			projectDirPath = "";
			projectRoot = "";
			targets = (
				5DDCA0CD276BAF79005042E4 /* Scrumdinger */,
				5DDCA0E2276BAF7C005042E4 /* ScrumdingerTests */,
				5DDCA0EC276BAF7C005042E4 /* ScrumdingerUITests */,
			);
		};
/* End PBXProject section */

/* Begin PBXResourcesBuildPhase section */
		5DDCA0CC276BAF79005042E4 /* Resources */ = {
			isa = PBXResourcesBuildPhase;
			buildActionMask = 2147483647;
			files = (
				5DDCA0D9276BAF7B005042E4 /* Preview Assets.xcassets in Resources */,
				5DDCA0D6276BAF7B005042E4 /* Assets.xcassets in Resources */,
			);
			runOnlyForDeploymentPostprocessing = 0;
		};
		5DDCA0E1276BAF7C005042E4 /* Resources */ = {
			isa = PBXResourcesBuildPhase;
			buildActionMask = 2147483647;
			files = (
			);
			runOnlyForDeploymentPostprocessing = 0;
		};
		5DDCA0EB276BAF7C005042E4 /* Resources */ = {
			isa = PBXResourcesBuildPhase;
			buildActionMask = 2147483647;
			files = (
			);
			runOnlyForDeploymentPostprocessing = 0;
		};
/* End PBXResourcesBuildPhase section */

/* Begin PBXSourcesBuildPhase section */
		5DDCA0CA276BAF79005042E4 /* Sources */ = {
			isa = PBXSourcesBuildPhase;
			buildActionMask = 2147483647;
			files = (
				5DDCA0DB276BAF7B005042E4 /* Persistence.swift in Sources */,
				5DDCA0D4276BAF79005042E4 /* ContentView.swift in Sources */,
				5DDCA101276BB009005042E4 /* MeetingView.swift in Sources */,
				5DDCA0D2276BAF79005042E4 /* ScrumdingerApp.swift in Sources */,
				5DDCA0DE276BAF7B005042E4 /* Scrumdinger.xcdatamodeld in Sources */,
			);
			runOnlyForDeploymentPostprocessing = 0;
		};
		5DDCA0DF276BAF7C005042E4 /* Sources */ = {
			isa = PBXSourcesBuildPhase;
			buildActionMask = 2147483647;
			files = (
				5DDCA0E8276BAF7C005042E4 /* ScrumdingerTests.swift in Sources */,
			);
			runOnlyForDeploymentPostprocessing = 0;
		};
		5DDCA0E9276BAF7C005042E4 /* Sources */ = {
			isa = PBXSourcesBuildPhase;
			buildActionMask = 2147483647;
			files = (
				5DDCA0F4276BAF7C005042E4 /* ScrumdingerUITestsLaunchTests.swift in Sources */,
				5DDCA0F2276BAF7C005042E4 /* ScrumdingerUITests.swift in Sources */,
			);
			runOnlyForDeploymentPostprocessing = 0;
		};
/* End PBXSourcesBuildPhase section */

/* Begin PBXTargetDependency section */
		5DDCA0E5276BAF7C005042E4 /* PBXTargetDependency */ = {
			isa = PBXTargetDependency;
			target = 5DDCA0CD276BAF79005042E4 /* Scrumdinger */;
			targetProxy = 5DDCA0E4276BAF7C005042E4 /* PBXContainerItemProxy */;
		};
		5DDCA0EF276BAF7C005042E4 /* PBXTargetDependency */ = {
			isa = PBXTargetDependency;
			target = 5DDCA0CD276BAF79005042E4 /* Scrumdinger */;
			targetProxy = 5DDCA0EE276BAF7C005042E4 /* PBXContainerItemProxy */;
		};
/* End PBXTargetDependency section */

/* Begin XCBuildConfiguration section */
		5DDCA0F5276BAF7C005042E4 /* Debug */ = {
			isa = XCBuildConfiguration;
			buildSettings = {
				ALWAYS_SEARCH_USER_PATHS = NO;
				CLANG_ANALYZER_NONNULL = YES;
				CLANG_ANALYZER_NUMBER_OBJECT_CONVERSION = YES_AGGRESSIVE;
				CLANG_CXX_LANGUAGE_STANDARD = "gnu++17";
				CLANG_CXX_LIBRARY = "libc++";
				CLANG_ENABLE_MODULES = YES;
				CLANG_ENABLE_OBJC_ARC = YES;
				CLANG_ENABLE_OBJC_WEAK = YES;
				CLANG_WARN_BLOCK_CAPTURE_AUTORELEASING = YES;
				CLANG_WARN_BOOL_CONVERSION = YES;
				CLANG_WARN_COMMA = YES;
				CLANG_WARN_CONSTANT_CONVERSION = YES;
				CLANG_WARN_DEPRECATED_OBJC_IMPLEMENTATIONS = YES;
				CLANG_WARN_DIRECT_OBJC_ISA_USAGE = YES_ERROR;
				CLANG_WARN_DOCUMENTATION_COMMENTS = YES;
				CLANG_WARN_EMPTY_BODY = YES;
				CLANG_WARN_ENUM_CONVERSION = YES;
				CLANG_WARN_INFINITE_RECURSION = YES;
				CLANG_WARN_INT_CONVERSION = YES;
				CLANG_WARN_NON_LITERAL_NULL_CONVERSION = YES;
				CLANG_WARN_OBJC_IMPLICIT_RETAIN_SELF = YES;
				CLANG_WARN_OBJC_LITERAL_CONVERSION = YES;
				CLANG_WARN_OBJC_ROOT_CLASS = YES_ERROR;
				CLANG_WARN_QUOTED_INCLUDE_IN_FRAMEWORK_HEADER = YES;
				CLANG_WARN_RANGE_LOOP_ANALYSIS = YES;
				CLANG_WARN_STRICT_PROTOTYPES = YES;
				CLANG_WARN_SUSPICIOUS_MOVE = YES;
				CLANG_WARN_UNGUARDED_AVAILABILITY = YES_AGGRESSIVE;
				CLANG_WARN_UNREACHABLE_CODE = YES;
				CLANG_WARN__DUPLICATE_METHOD_MATCH = YES;
				COPY_PHASE_STRIP = NO;
				DEBUG_INFORMATION_FORMAT = dwarf;
				ENABLE_STRICT_OBJC_MSGSEND = YES;
				ENABLE_TESTABILITY = YES;
				GCC_C_LANGUAGE_STANDARD = gnu11;
				GCC_DYNAMIC_NO_PIC = NO;
				GCC_NO_COMMON_BLOCKS = YES;
				GCC_OPTIMIZATION_LEVEL = 0;
				GCC_PREPROCESSOR_DEFINITIONS = (
					"DEBUG=1",
					"$(inherited)",
				);
				GCC_WARN_64_TO_32_BIT_CONVERSION = YES;
				GCC_WARN_ABOUT_RETURN_TYPE = YES_ERROR;
				GCC_WARN_UNDECLARED_SELECTOR = YES;
				GCC_WARN_UNINITIALIZED_AUTOS = YES_AGGRESSIVE;
				GCC_WARN_UNUSED_FUNCTION = YES;
				GCC_WARN_UNUSED_VARIABLE = YES;
				IPHONEOS_DEPLOYMENT_TARGET = 15.0;
				MTL_ENABLE_DEBUG_INFO = INCLUDE_SOURCE;
				MTL_FAST_MATH = YES;
				ONLY_ACTIVE_ARCH = YES;
				SDKROOT = iphoneos;
				SWIFT_ACTIVE_COMPILATION_CONDITIONS = DEBUG;
				SWIFT_OPTIMIZATION_LEVEL = "-Onone";
			};
			name = Debug;
		};
		5DDCA0F6276BAF7C005042E4 /* Release */ = {
			isa = XCBuildConfiguration;
			buildSettings = {
				ALWAYS_SEARCH_USER_PATHS = NO;
				CLANG_ANALYZER_NONNULL = YES;
				CLANG_ANALYZER_NUMBER_OBJECT_CONVERSION = YES_AGGRESSIVE;
				CLANG_CXX_LANGUAGE_STANDARD = "gnu++17";
				CLANG_CXX_LIBRARY = "libc++";
				CLANG_ENABLE_MODULES = YES;
				CLANG_ENABLE_OBJC_ARC = YES;
				CLANG_ENABLE_OBJC_WEAK = YES;
				CLANG_WARN_BLOCK_CAPTURE_AUTORELEASING = YES;
				CLANG_WARN_BOOL_CONVERSION = YES;
				CLANG_WARN_COMMA = YES;
				CLANG_WARN_CONSTANT_CONVERSION = YES;
				CLANG_WARN_DEPRECATED_OBJC_IMPLEMENTATIONS = YES;
				CLANG_WARN_DIRECT_OBJC_ISA_USAGE = YES_ERROR;
				CLANG_WARN_DOCUMENTATION_COMMENTS = YES;
				CLANG_WARN_EMPTY_BODY = YES;
				CLANG_WARN_ENUM_CONVERSION = YES;
				CLANG_WARN_INFINITE_RECURSION = YES;
				CLANG_WARN_INT_CONVERSION = YES;
				CLANG_WARN_NON_LITERAL_NULL_CONVERSION = YES;
				CLANG_WARN_OBJC_IMPLICIT_RETAIN_SELF = YES;
				CLANG_WARN_OBJC_LITERAL_CONVERSION = YES;
				CLANG_WARN_OBJC_ROOT_CLASS = YES_ERROR;
				CLANG_WARN_QUOTED_INCLUDE_IN_FRAMEWORK_HEADER = YES;
				CLANG_WARN_RANGE_LOOP_ANALYSIS = YES;
				CLANG_WARN_STRICT_PROTOTYPES = YES;
				CLANG_WARN_SUSPICIOUS_MOVE = YES;
				CLANG_WARN_UNGUARDED_AVAILABILITY = YES_AGGRESSIVE;
				CLANG_WARN_UNREACHABLE_CODE = YES;
				CLANG_WARN__DUPLICATE_METHOD_MATCH = YES;
				COPY_PHASE_STRIP = NO;
				DEBUG_INFORMATION_FORMAT = "dwarf-with-dsym";
				ENABLE_NS_ASSERTIONS = NO;
				ENABLE_STRICT_OBJC_MSGSEND = YES;
				GCC_C_LANGUAGE_STANDARD = gnu11;
				GCC_NO_COMMON_BLOCKS = YES;
				GCC_WARN_64_TO_32_BIT_CONVERSION = YES;
				GCC_WARN_ABOUT_RETURN_TYPE = YES_ERROR;
				GCC_WARN_UNDECLARED_SELECTOR = YES;
				GCC_WARN_UNINITIALIZED_AUTOS = YES_AGGRESSIVE;
				GCC_WARN_UNUSED_FUNCTION = YES;
				GCC_WARN_UNUSED_VARIABLE = YES;
				IPHONEOS_DEPLOYMENT_TARGET = 15.0;
				MTL_ENABLE_DEBUG_INFO = NO;
				MTL_FAST_MATH = YES;
				SDKROOT = iphoneos;
				SWIFT_COMPILATION_MODE = wholemodule;
				SWIFT_OPTIMIZATION_LEVEL = "-O";
				VALIDATE_PRODUCT = YES;
			};
			name = Release;
		};
		5DDCA0F8276BAF7C005042E4 /* Debug */ = {
			isa = XCBuildConfiguration;
			buildSettings = {
				ASSETCATALOG_COMPILER_APPICON_NAME = AppIcon;
				ASSETCATALOG_COMPILER_GLOBAL_ACCENT_COLOR_NAME = AccentColor;
				CODE_SIGN_STYLE = Automatic;
				CURRENT_PROJECT_VERSION = 1;
				DEVELOPMENT_ASSET_PATHS = "\"Scrumdinger/Preview Content\"";
				ENABLE_PREVIEWS = YES;
				GENERATE_INFOPLIST_FILE = YES;
				INFOPLIST_KEY_UIApplicationSceneManifest_Generation = YES;
				INFOPLIST_KEY_UIApplicationSupportsIndirectInputEvents = YES;
				INFOPLIST_KEY_UILaunchScreen_Generation = YES;
				INFOPLIST_KEY_UISupportedInterfaceOrientations_iPad = "UIInterfaceOrientationPortrait UIInterfaceOrientationPortraitUpsideDown UIInterfaceOrientationLandscapeLeft UIInterfaceOrientationLandscapeRight";
				INFOPLIST_KEY_UISupportedInterfaceOrientations_iPhone = "UIInterfaceOrientationPortrait UIInterfaceOrientationLandscapeLeft UIInterfaceOrientationLandscapeRight";
				LD_RUNPATH_SEARCH_PATHS = (
					"$(inherited)",
					"@executable_path/Frameworks",
				);
				MARKETING_VERSION = 1.0;
				PRODUCT_BUNDLE_IDENTIFIER = yx.Scrumdinger;
				PRODUCT_NAME = "$(TARGET_NAME)";
				SWIFT_EMIT_LOC_STRINGS = YES;
				SWIFT_VERSION = 5.0;
				TARGETED_DEVICE_FAMILY = "1,2";
			};
			name = Debug;
		};
		5DDCA0F9276BAF7C005042E4 /* Release */ = {
			isa = XCBuildConfiguration;
			buildSettings = {
				ASSETCATALOG_COMPILER_APPICON_NAME = AppIcon;
				ASSETCATALOG_COMPILER_GLOBAL_ACCENT_COLOR_NAME = AccentColor;
				CODE_SIGN_STYLE = Automatic;
				CURRENT_PROJECT_VERSION = 1;
				DEVELOPMENT_ASSET_PATHS = "\"Scrumdinger/Preview Content\"";
				ENABLE_PREVIEWS = YES;
				GENERATE_INFOPLIST_FILE = YES;
				INFOPLIST_KEY_UIApplicationSceneManifest_Generation = YES;
				INFOPLIST_KEY_UIApplicationSupportsIndirectInputEvents = YES;
				INFOPLIST_KEY_UILaunchScreen_Generation = YES;
				INFOPLIST_KEY_UISupportedInterfaceOrientations_iPad = "UIInterfaceOrientationPortrait UIInterfaceOrientationPortraitUpsideDown UIInterfaceOrientationLandscapeLeft UIInterfaceOrientationLandscapeRight";
				INFOPLIST_KEY_UISupportedInterfaceOrientations_iPhone = "UIInterfaceOrientationPortrait UIInterfaceOrientationLandscapeLeft UIInterfaceOrientationLandscapeRight";
				LD_RUNPATH_SEARCH_PATHS = (
					"$(inherited)",
					"@executable_path/Frameworks",
				);
				MARKETING_VERSION = 1.0;
				PRODUCT_BUNDLE_IDENTIFIER = yx.Scrumdinger;
				PRODUCT_NAME = "$(TARGET_NAME)";
				SWIFT_EMIT_LOC_STRINGS = YES;
				SWIFT_VERSION = 5.0;
				TARGETED_DEVICE_FAMILY = "1,2";
			};
			name = Release;
		};
		5DDCA0FB276BAF7C005042E4 /* Debug */ = {
			isa = XCBuildConfiguration;
			buildSettings = {
				ALWAYS_EMBED_SWIFT_STANDARD_LIBRARIES = YES;
				BUNDLE_LOADER = "$(TEST_HOST)";
				CODE_SIGN_STYLE = Automatic;
				CURRENT_PROJECT_VERSION = 1;
				GENERATE_INFOPLIST_FILE = YES;
				IPHONEOS_DEPLOYMENT_TARGET = 15.0;
				LD_RUNPATH_SEARCH_PATHS = (
					"$(inherited)",
					"@executable_path/Frameworks",
					"@loader_path/Frameworks",
				);
				MARKETING_VERSION = 1.0;
				PRODUCT_BUNDLE_IDENTIFIER = yx.ScrumdingerTests;
				PRODUCT_NAME = "$(TARGET_NAME)";
				SWIFT_EMIT_LOC_STRINGS = NO;
				SWIFT_VERSION = 5.0;
				TARGETED_DEVICE_FAMILY = "1,2";
				TEST_HOST = "$(BUILT_PRODUCTS_DIR)/Scrumdinger.app/Scrumdinger";
			};
			name = Debug;
		};
		5DDCA0FC276BAF7C005042E4 /* Release */ = {
			isa = XCBuildConfiguration;
			buildSettings = {
				ALWAYS_EMBED_SWIFT_STANDARD_LIBRARIES = YES;
				BUNDLE_LOADER = "$(TEST_HOST)";
				CODE_SIGN_STYLE = Automatic;
				CURRENT_PROJECT_VERSION = 1;
				GENERATE_INFOPLIST_FILE = YES;
				IPHONEOS_DEPLOYMENT_TARGET = 15.0;
				LD_RUNPATH_SEARCH_PATHS = (
					"$(inherited)",
					"@executable_path/Frameworks",
					"@loader_path/Frameworks",
				);
				MARKETING_VERSION = 1.0;
				PRODUCT_BUNDLE_IDENTIFIER = yx.ScrumdingerTests;
				PRODUCT_NAME = "$(TARGET_NAME)";
				SWIFT_EMIT_LOC_STRINGS = NO;
				SWIFT_VERSION = 5.0;
				TARGETED_DEVICE_FAMILY = "1,2";
				TEST_HOST = "$(BUILT_PRODUCTS_DIR)/Scrumdinger.app/Scrumdinger";
			};
			name = Release;
		};
		5DDCA0FE276BAF7C005042E4 /* Debug */ = {
			isa = XCBuildConfiguration;
			buildSettings = {
				ALWAYS_EMBED_SWIFT_STANDARD_LIBRARIES = YES;
				CODE_SIGN_STYLE = Automatic;
				CURRENT_PROJECT_VERSION = 1;
				GENERATE_INFOPLIST_FILE = YES;
				LD_RUNPATH_SEARCH_PATHS = (
					"$(inherited)",
					"@executable_path/Frameworks",
					"@loader_path/Frameworks",
				);
				MARKETING_VERSION = 1.0;
				PRODUCT_BUNDLE_IDENTIFIER = yx.ScrumdingerUITests;
				PRODUCT_NAME = "$(TARGET_NAME)";
				SWIFT_EMIT_LOC_STRINGS = NO;
				SWIFT_VERSION = 5.0;
				TARGETED_DEVICE_FAMILY = "1,2";
				TEST_TARGET_NAME = Scrumdinger;
			};
			name = Debug;
		};
		5DDCA0FF276BAF7C005042E4 /* Release */ = {
			isa = XCBuildConfiguration;
			buildSettings = {
				ALWAYS_EMBED_SWIFT_STANDARD_LIBRARIES = YES;
				CODE_SIGN_STYLE = Automatic;
				CURRENT_PROJECT_VERSION = 1;
				GENERATE_INFOPLIST_FILE = YES;
				LD_RUNPATH_SEARCH_PATHS = (
					"$(inherited)",
					"@executable_path/Frameworks",
					"@loader_path/Frameworks",
				);
				MARKETING_VERSION = 1.0;
				PRODUCT_BUNDLE_IDENTIFIER = yx.ScrumdingerUITests;
				PRODUCT_NAME = "$(TARGET_NAME)";
				SWIFT_EMIT_LOC_STRINGS = NO;
				SWIFT_VERSION = 5.0;
				TARGETED_DEVICE_FAMILY = "1,2";
				TEST_TARGET_NAME = Scrumdinger;
			};
			name = Release;
		};
/* End XCBuildConfiguration section */

/* Begin XCConfigurationList section */
		5DDCA0C9276BAF79005042E4 /* Build configuration list for PBXProject "Scrumdinger" */ = {
			isa = XCConfigurationList;
			buildConfigurations = (
				5DDCA0F5276BAF7C005042E4 /* Debug */,
				5DDCA0F6276BAF7C005042E4 /* Release */,
			);
			defaultConfigurationIsVisible = 0;
			defaultConfigurationName = Release;
		};
		5DDCA0F7276BAF7C005042E4 /* Build configuration list for PBXNativeTarget "Scrumdinger" */ = {
			isa = XCConfigurationList;
			buildConfigurations = (
				5DDCA0F8276BAF7C005042E4 /* Debug */,
				5DDCA0F9276BAF7C005042E4 /* Release */,
			);
			defaultConfigurationIsVisible = 0;
			defaultConfigurationName = Release;
		};
		5DDCA0FA276BAF7C005042E4 /* Build configuration list for PBXNativeTarget "ScrumdingerTests" */ = {
			isa = XCConfigurationList;
			buildConfigurations = (
				5DDCA0FB276BAF7C005042E4 /* Debug */,
				5DDCA0FC276BAF7C005042E4 /* Release */,
			);
			defaultConfigurationIsVisible = 0;
			defaultConfigurationName = Release;
		};
		5DDCA0FD276BAF7C005042E4 /* Build configuration list for PBXNativeTarget "ScrumdingerUITests" */ = {
			isa = XCConfigurationList;
			buildConfigurations = (
				5DDCA0FE276BAF7C005042E4 /* Debug */,
				5DDCA0FF276BAF7C005042E4 /* Release */,
			);
			defaultConfigurationIsVisible = 0;
			defaultConfigurationName = Release;
		};
/* End XCConfigurationList section */

/* Begin XCVersionGroup section */
		5DDCA0DC276BAF7B005042E4 /* Scrumdinger.xcdatamodeld */ = {
			isa = XCVersionGroup;
			children = (
				5DDCA0DD276BAF7B005042E4 /* Scrumdinger.xcdatamodel */,
			);
			currentVersion = 5DDCA0DD276BAF7B005042E4 /* Scrumdinger.xcdatamodel */;
			path = Scrumdinger.xcdatamodeld;
			sourceTree = "<group>";
			versionGroupType = wrapper.xcdatamodel;
		};
/* End XCVersionGroup section */
	};
	rootObject = 5DDCA0C6276BAF79005042E4 /* Project object */;
}
